
Microsoft Visual Studio Solution File, Format Version 12.00
# Visual Studio 15
VisualStudioVersion = 15.0.28010.2003
MinimumVisualStudioVersion = 10.0.40219.1
Project("{9A19103F-16F7-4668-BE54-9A1E7A4F7556}") = "Exercice1", "Exercice1\Exercice1.csproj", "{CDD042E4-55EB-40CF-A9E1-8EEB20175072}"
EndProject
Project("{2150E333-8FDC-42A3-9474-1A3956D46DE8}") = "Solution Items", "Solution Items", "{D3F4BCE9-2C88-48EA-842D-B9FF069B4C67}"
	ProjectSection(SolutionItems) = preProject
		Class1.cs = Class1.cs
	EndProjectSection
EndProject
Global
	GlobalSection(SolutionConfigurationPlatforms) = preSolution
		Debug|Any CPU = Debug|Any CPU
		Release|Any CPU = Release|Any CPU
	EndGlobalSection
	GlobalSection(ProjectConfigurationPlatforms) = postSolution
		{CDD042E4-55EB-40CF-A9E1-8EEB20175072}.Debug|Any CPU.ActiveCfg = Debug|Any CPU
		{CDD042E4-55EB-40CF-A9E1-8EEB20175072}.Debug|Any CPU.Build.0 = Debug|Any CPU
		{CDD042E4-55EB-40CF-A9E1-8EEB20175072}.Release|Any CPU.ActiveCfg = Release|Any CPU
		{CDD042E4-55EB-40CF-A9E1-8EEB20175072}.Release|Any CPU.Build.0 = Release|Any CPU
	EndGlobalSection
	GlobalSection(SolutionProperties) = preSolution
		HideSolutionNode = FALSE
	EndGlobalSection
	GlobalSection(ExtensibilityGlobals) = postSolution
		SolutionGuid = {786613C5-9E7F-408E-B412-6A84F91BC83F}
	EndGlobalSection
EndGlobal
